lockfileVersion: '9.0'

settings:
  autoInstallPeers: true
  excludeLinksFromLockfile: false

importers:

  .:
    dependencies:
      '@ai-sdk/openai':
        specifier: ^3.0.21
        version: 3.0.21(zod@3.25.76)
      '@ai-sdk/openai-compatible':
        specifier: ^2.0.24
        version: 2.0.24(zod@3.25.76)
      ai:
        specifier: ^6.0.62
        version: 6.0.62(zod@3.25.76)
      commander:
        specifier: ^12.0.0
        version: 12.1.0
      dotenv:
        specifier: ^17.2.3
        version: 17.2.3
      zod:
        specifier: ^3.22.0
        version: 3.25.76
    devDependencies:
      '@types/node':
        specifier: ^20.0.0
        version: 20.19.30
      typescript:
        specifier: ^5.3.0
        version: 5.9.3

packages:

  '@ai-sdk/gateway@3.0.29':
    resolution: {integrity: sha512-zf6yXT+7DcVGWG7ntxVCYC48X/opsWlO5ePvgH8W9DaEVUtkemqKUEzBqowQ778PkZo8sqMnRfD0+fi9HamRRQ==}
    engines: {node: '>=18'}
    peerDependencies:
      zod: ^3.25.76 || ^4.1.8

  '@ai-sdk/openai-compatible@2.0.24':
    resolution: {integrity: sha512-3QrCKpQCn3g6sIMoFGuEroaqk7Xg+qfsohRp4dKszjto5stjBg4SdtOKqHg+CpE3X4woj2O62w2qr5dSekMZeQ==}
    engines: {node: '>=18'}
    peerDependencies:
      zod: ^3.25.76 || ^4.1.8

  '@ai-sdk/openai@3.0.21':
    resolution: {integrity: sha512-6RzVqDNoJOptlMD4Wn9D2pZytiVgzeJSpm+E3Yvb2mO51CtklqhLmNur+DW2RpP/cGKgBDCbyns3yoJUd1hIhQ==}
    engines: {node: '>=18'}
    peerDependencies:
      zod: ^3.25.76 || ^4.1.8

  '@ai-sdk/provider-utils@4.0.10':
    resolution: {integrity: sha512-VeDAiCH+ZK8Xs4hb9Cw7pHlujWNL52RKe8TExOkrw6Ir1AmfajBZTb9XUdKOZO08RwQElIKA8+Ltm+Gqfo8djQ==}
    engines: {node: '>=18'}
    peerDependencies:
      zod: ^3.25.76 || ^4.1.8

  '@ai-sdk/provider-utils@4.0.11':
    resolution: {integrity: sha512-y/WOPpcZaBjvNaogy83mBsCRPvbtaK0y1sY9ckRrrbTGMvG2HC/9Y/huqNXKnLAxUIME2PGa2uvF2CDwIsxoXQ==}
    engines: {node: '>=18'}
    peerDependencies:
      zod: ^3.25.76 || ^4.1.8

  '@ai-sdk/provider@3.0.5':
    resolution: {integrity: sha512-2Xmoq6DBJqmSl80U6V9z5jJSJP7ehaJJQMy2iFUqTay06wdCqTnPVBBQbtEL8RCChenL+q5DC5H5WzU3vV3v8w==}
    engines: {node: '>=18'}

  '@ai-sdk/provider@3.0.6':
    resolution: {integrity: sha512-hSfoJtLtpMd7YxKM+iTqlJ0ZB+kJ83WESMiWuWrNVey3X8gg97x0OdAAaeAeclZByCX3UdPOTqhvJdK8qYA3ww==}
    engines: {node: '>=18'}

  '@opentelemetry/api@1.9.0':
    resolution: {integrity: sha512-3giAOQvZiH5F9bMlMiv8+GSPMeqg0dbaeo58/0SlA9sxSqZhnUtxzX9/2FzyhS9sWQf5S0GJE0AKBrFqjpeYcg==}
    engines: {node: '>=8.0.0'}

  '@standard-schema/spec@1.1.0':
    resolution: {integrity: sha512-l2aFy5jALhniG5HgqrD6jXLi/rUWrKvqN/qJx6yoJsgKhblVd+iqqU4RCXavm/jPityDo5TCvKMnpjKnOriy0w==}

  '@types/node@20.19.30':
    resolution: {integrity: sha512-WJtwWJu7UdlvzEAUm484QNg5eAoq5QR08KDNx7g45Usrs2NtOPiX8ugDqmKdXkyL03rBqU5dYNYVQetEpBHq2g==}

  '@vercel/oidc@3.1.0':
    resolution: {integrity: sha512-Fw28YZpRnA3cAHHDlkt7xQHiJ0fcL+NRcIqsocZQUSmbzeIKRpwttJjik5ZGanXP+vlA4SbTg+AbA3bP363l+w==}
    engines: {node: '>= 20'}

  ai@6.0.62:
    resolution: {integrity: sha512-0ArQPYmSnwoDG1nQ7GQ2XyEtYEWMSK4pVV9S9nsChRY2D6P2H2ntMEDV/CqTF6GTSwJpBJHAOSvsgEqSc7dx5g==}
    engines: {node: '>=18'}
    peerDependencies:
      zod: ^3.25.76 || ^4.1.8

  commander@12.1.0:
    resolution: {integrity: sha512-Vw8qHK3bZM9y/P10u3Vib8o/DdkvA2OtPtZvD871QKjy74Wj1WSKFILMPRPSdUSx5RFK1arlJzEtA4PkFgnbuA==}
    engines: {node: '>=18'}

  dotenv@17.2.3:
    resolution: {integrity: sha512-JVUnt+DUIzu87TABbhPmNfVdBDt18BLOWjMUFJMSi/Qqg7NTYtabbvSNJGOJ7afbRuv9D/lngizHtP7QyLQ+9w==}
    engines: {node: '>=12'}

  eventsource-parser@3.0.6:
    resolution: {integrity: sha512-Vo1ab+QXPzZ4tCa8SwIHJFaSzy4R6SHf7BY79rFBDf0idraZWAkYrDjDj8uWaSm3S2TK+hJ7/t1CEmZ7jXw+pg==}
    engines: {node: '>=18.0.0'}

  json-schema@0.4.0:
    resolution: {integrity: sha512-es94M3nTIfsEPisRafak+HDLfHXnKBhV3vU5eqPcS3flIWqcxJWgXHXiey3YrpaNsanY5ei1VoYEbOzijuq9BA==}

  typescript@5.9.3:
    resolution: {integrity: sha512-jl1vZzPDinLr9eUt3J/t7V6FgNEw9QjvBPdysz9KfQDD41fQrC2Y4vKQdiaUpFT4bXlb1RHhLpp8wtm6M5TgSw==}
    engines: {node: '>=14.17'}
    hasBin: true

  undici-types@6.21.0:
    resolution: {integrity: sha512-iwDZqg0QAGrg9Rav5H4n0M64c3mkR59cJ6wQp+7C4nI0gsmExaedaYLNO44eT4AtBBwjbTiGPMlt2Md0T9H9JQ==}

  zod@3.25.76:
    resolution: {integrity: sha512-gzUt/qt81nXsFGKIFcC3YnfEAx5NkunCfnDlvuBSSFS02bcXu4Lmea0AFIUwbLWxWPx3d9p8S5QoaujKcNQxcQ==}

snapshots:

  '@ai-sdk/gateway@3.0.29(zod@3.25.76)':
    dependencies:
      '@ai-sdk/provider': 3.0.6
      '@ai-sdk/provider-utils': 4.0.11(zod@3.25.76)
      '@vercel/oidc': 3.1.0
      zod: 3.25.76

  '@ai-sdk/openai-compatible@2.0.24(zod@3.25.76)':
    dependencies:
      '@ai-sdk/provider': 3.0.6
      '@ai-sdk/provider-utils': 4.0.11(zod@3.25.76)
      zod: 3.25.76

  '@ai-sdk/openai@3.0.21(zod@3.25.76)':
    dependencies:
      '@ai-sdk/provider': 3.0.5
      '@ai-sdk/provider-utils': 4.0.10(zod@3.25.76)
      zod: 3.25.76

  '@ai-sdk/provider-utils@4.0.10(zod@3.25.76)':
    dependencies:
      '@ai-sdk/provider': 3.0.5
      '@standard-schema/spec': 1.1.0
      eventsource-parser: 3.0.6
      zod: 3.25.76

  '@ai-sdk/provider-utils@4.0.11(zod@3.25.76)':
    dependencies:
      '@ai-sdk/provider': 3.0.6
      '@standard-schema/spec': 1.1.0
      eventsource-parser: 3.0.6
      zod: 3.25.76

  '@ai-sdk/provider@3.0.5':
    dependencies:
      json-schema: 0.4.0

  '@ai-sdk/provider@3.0.6':
    dependencies:
      json-schema: 0.4.0

  '@opentelemetry/api@1.9.0': {}

  '@standard-schema/spec@1.1.0': {}

  '@types/node@20.19.30':
    dependencies:
      undici-types: 6.21.0

  '@vercel/oidc@3.1.0': {}

  ai@6.0.62(zod@3.25.76):
    dependencies:
      '@ai-sdk/gateway': 3.0.29(zod@3.25.76)
      '@ai-sdk/provider': 3.0.6
      '@ai-sdk/provider-utils': 4.0.11(zod@3.25.76)
      '@opentelemetry/api': 1.9.0
      zod: 3.25.76

  commander@12.1.0: {}

  dotenv@17.2.3: {}

  eventsource-parser@3.0.6: {}

  json-schema@0.4.0: {}

  typescript@5.9.3: {}

  undici-types@6.21.0: {}

  zod@3.25.76: {}
